
Microsoft Visual Studio Solution File, Format Version 12.00
# Visual Studio 15
VisualStudioVersion = 15.0.27004.2005
MinimumVisualStudioVersion = 10.0.40219.1
Project("{FAE04EC0-301F-11D3-BF4B-00C04F79EFBC}") = "XboxOn", "XboxOn\XboxOn.csproj", "{32D49702-2A8D-467B-88EC-84ED855B22F1}"
EndProject
Project("{FAE04EC0-301F-11D3-BF4B-00C04F79EFBC}") = "XboxConsoleStarter", "XboxConsoleStarter\XboxConsoleStarter.csproj", "{B9A321C7-F029-4CE4-9687-EA0BC450345E}"
EndProject
Global
	GlobalSection(SolutionConfigurationPlatforms) = preSolution
		Debug|Any CPU = Debug|Any CPU
		Release|Any CPU = Release|Any CPU
	EndGlobalSection
	GlobalSection(ProjectConfigurationPlatforms) = postSolution
		{32D49702-2A8D-467B-88EC-84ED855B22F1}.Debug|Any CPU.ActiveCfg = Debug|Any CPU
		{32D49702-2A8D-467B-88EC-84ED855B22F1}.Debug|Any CPU.Build.0 = Debug|Any CPU
		{32D49702-2A8D-467B-88EC-84ED855B22F1}.Release|Any CPU.ActiveCfg = Release|Any CPU
		{32D49702-2A8D-467B-88EC-84ED855B22F1}.Release|Any CPU.Build.0 = Release|Any CPU
		{B9A321C7-F029-4CE4-9687-EA0BC450345E}.Debug|Any CPU.ActiveCfg = Debug|Any CPU
		{B9A321C7-F029-4CE4-9687-EA0BC450345E}.Debug|Any CPU.Build.0 = Debug|Any CPU
		{B9A321C7-F029-4CE4-9687-EA0BC450345E}.Release|Any CPU.ActiveCfg = Release|Any CPU
		{B9A321C7-F029-4CE4-9687-EA0BC450345E}.Release|Any CPU.Build.0 = Release|Any CPU
	EndGlobalSection
	GlobalSection(SolutionProperties) = preSolution
		HideSolutionNode = FALSE
	EndGlobalSection
	GlobalSection(ExtensibilityGlobals) = postSolution
		SolutionGuid = {C16D4EFF-8996-4288-85EC-78B59502DC6E}
	EndGlobalSection
EndGlobal
